---
lockfileVersion: 1
lockfileVendor: redhat
arches:
- arch: aarch64
  packages:
  - url: https://cdn.redhat.com/content/dist/rhel9/9/aarch64/appstream/os/Packages/p/postgresql-15.14-1.module+el9.6.0+23419+7863ab62.aarch64.rpm
    repoid: rhel-9-for-aarch64-appstream-rpms
    size: 1808892
    checksum: sha256:177e4a879f5681f3f9d0176957384e43f4d76fbcc568df7f241faa485483978c
    name: postgresql
    evr: 15.14-1.module+el9.6.0+23419+7863ab62
    sourcerpm: postgresql-15.14-1.module+el9.6.0+23419+7863ab62.src.rpm
  - url: https://cdn.redhat.com/content/dist/rhel9/9/aarch64/appstream/os/Packages/p/postgresql-private-libs-15.14-1.module+el9.6.0+23419+7863ab62.aarch64.rpm
    repoid: rhel-9-for-aarch64-appstream-rpms
    size: 142151
    checksum: sha256:3e3b371fb1320ecfdad190f4bbfb1423becb9f4cd7335de1307ca4cc8757e82a
    name: postgresql-private-libs
    evr: 15.14-1.module+el9.6.0+23419+7863ab62
    sourcerpm: postgresql-15.14-1.module+el9.6.0+23419+7863ab62.src.rpm
  - url: https://cdn.redhat.com/content/dist/rhel9/9/aarch64/baseos/os/Packages/f/findutils-4.8.0-7.el9.aarch64.rpm
    repoid: rhel-9-for-aarch64-baseos-rpms
    size: 564807
    checksum: sha256:158af4d5ecbd8b87f0da762ea1655bd4c86512071a95d8307eda3e0b3991105d
    name: findutils
    evr: 1:4.8.0-7.el9
    sourcerpm: findutils-4.8.0-7.el9.src.rpm
  - url: https://cdn.redhat.com/content/dist/rhel9/9/aarch64/baseos/os/Packages/j/jq-1.6-19.el9.aarch64.rpm
    repoid: rhel-9-for-aarch64-baseos-rpms
    size: 185334
    checksum: sha256:a70a2f81df88595008fb897ee875af42150e11d1420b6e4989d40628816d4731
    name: jq
    evr: 1.6-19.el9
    sourcerpm: jq-1.6-19.el9.src.rpm
  - url: https://cdn.redhat.com/content/dist/rhel9/9/aarch64/baseos/os/Packages/o/oniguruma-6.9.6-1.el9.6.aarch64.rpm
    repoid: rhel-9-for-aarch64-baseos-rpms
    size: 222676
    checksum: sha256:a75ad34bc945249c352dc690055b429a04b405f0f62c6bc0f0962e501b104ef6
    name: oniguruma
    evr: 6.9.6-1.el9.6
    sourcerpm: oniguruma-6.9.6-1.el9.6.src.rpm
  source: []
  module_metadata:
  - url: https://cdn.redhat.com/content/dist/rhel9/9/aarch64/appstream/os/repodata/a78c65791e4812e39741e4630d5c3fe6af3dffad3dbbd07dbc84dab1451cee2f-modules.yaml.gz
    repoid: rhel-9-for-aarch64-appstream-rpms
    size: 40102
    checksum: sha256:a78c65791e4812e39741e4630d5c3fe6af3dffad3dbbd07dbc84dab1451cee2f
- arch: ppc64le
  packages:
  - url: https://cdn.redhat.com/content/dist/rhel9/9/ppc64le/appstream/os/Packages/p/postgresql-15.14-1.module+el9.6.0+23419+7863ab62.ppc64le.rpm
    repoid: rhel-9-for-ppc64le-appstream-rpms
    size: 1870363
    checksum: sha256:1dd07f4f3d283b17982821ec220626c05625960dca7c4fd107e56501c042d253
    name: postgresql
    evr: 15.14-1.module+el9.6.0+23419+7863ab62
    sourcerpm: postgresql-15.14-1.module+el9.6.0+23419+7863ab62.src.rpm
  - url: https://cdn.redhat.com/content/dist/rhel9/9/ppc64le/appstream/os/Packages/p/postgresql-private-libs-15.14-1.module+el9.6.0+23419+7863ab62.ppc64le.rpm
    repoid: rhel-9-for-ppc64le-appstream-rpms
    size: 162768
    checksum: sha256:594fceef320f4f16371962c45f47be76fd02448cdcc387722f85545f41c364ca
    name: postgresql-private-libs
    evr: 15.14-1.module+el9.6.0+23419+7863ab62
    sourcerpm: postgresql-15.14-1.module+el9.6.0+23419+7863ab62.src.rpm
  - url: https://cdn.redhat.com/content/dist/rhel9/9/ppc64le/baseos/os/Packages/f/findutils-4.8.0-7.el9.ppc64le.rpm
    repoid: rhel-9-for-ppc64le-baseos-rpms
    size: 603076
    checksum: sha256:d4662cea7b9ae75c86e6afa1c69b3047773acf7d4a6cf8b99e63355cde0e8de8
    name: findutils
    evr: 1:4.8.0-7.el9
    sourcerpm: findutils-4.8.0-7.el9.src.rpm
  - url: https://cdn.redhat.com/content/dist/rhel9/9/ppc64le/baseos/os/Packages/j/jq-1.6-19.el9.ppc64le.rpm
    repoid: rhel-9-for-ppc64le-baseos-rpms
    size: 204601
    checksum: sha256:c38289578cc683b9416a895745218ab23eea5b537d26710f0b63117a1bc012d6
    name: jq
    evr: 1.6-19.el9
    sourcerpm: jq-1.6-19.el9.src.rpm
  - url: https://cdn.redhat.com/content/dist/rhel9/9/ppc64le/baseos/os/Packages/o/oniguruma-6.9.6-1.el9.6.ppc64le.rpm
    repoid: rhel-9-for-ppc64le-baseos-rpms
    size: 249364
    checksum: sha256:6a07dd01b88d7137f3d059162593c9be09bb8bb6b630f85f24ef36726f2361e0
    name: oniguruma
    evr: 6.9.6-1.el9.6
    sourcerpm: oniguruma-6.9.6-1.el9.6.src.rpm
  source: []
  module_metadata:
  - url: https://cdn.redhat.com/content/dist/rhel9/9/ppc64le/appstream/os/repodata/c625d7bc7ad850754d5ee4454658a24db2adf1b2a47153611d665b77b06f7e31-modules.yaml.gz
    repoid: rhel-9-for-ppc64le-appstream-rpms
    size: 37150
    checksum: sha256:c625d7bc7ad850754d5ee4454658a24db2adf1b2a47153611d665b77b06f7e31
- arch: s390x
  packages:
  - url: https://cdn.redhat.com/content/dist/rhel9/9/s390x/appstream/os/Packages/p/postgresql-15.14-1.module+el9.6.0+23419+7863ab62.s390x.rpm
    repoid: rhel-9-for-s390x-appstream-rpms
    size: 1837141
    checksum: sha256:2ce0a34e6ee7660102cde04a6f392b0759dd0762c3d56970fb23bc22e7fb3afb
    name: postgresql
    evr: 15.14-1.module+el9.6.0+23419+7863ab62
    sourcerpm: postgresql-15.14-1.module+el9.6.0+23419+7863ab62.src.rpm
  - url: https://cdn.redhat.com/content/dist/rhel9/9/s390x/appstream/os/Packages/p/postgresql-private-libs-15.14-1.module+el9.6.0+23419+7863ab62.s390x.rpm
    repoid: rhel-9-for-s390x-appstream-rpms
    size: 140468
    checksum: sha256:f4f9dae6f3f408a64cacdb78f8fa7771d52309e53a763d587e8a5a4bc9b7e002
    name: postgresql-private-libs
    evr: 15.14-1.module+el9.6.0+23419+7863ab62
    sourcerpm: postgresql-15.14-1.module+el9.6.0+23419+7863ab62.src.rpm
  - url: https://cdn.redhat.com/content/dist/rhel9/9/s390x/baseos/os/Packages/f/findutils-4.8.0-7.el9.s390x.rpm
    repoid: rhel-9-for-s390x-baseos-rpms
    size: 562344
    checksum: sha256:58a784cd8f94da5182ab13c9696c7e5410b0452b20c524013040d234517e931e
    name: findutils
    evr: 1:4.8.0-7.el9
    sourcerpm: findutils-4.8.0-7.el9.src.rpm
  - url: https://cdn.redhat.com/content/dist/rhel9/9/s390x/baseos/os/Packages/j/jq-1.6-19.el9.s390x.rpm
    repoid: rhel-9-for-s390x-baseos-rpms
    size: 200998
    checksum: sha256:9ca12fe83c126e62e9ea4f45ed4a3972d833b815aa4914716564553d952fb59c
    name: jq
    evr: 1.6-19.el9
    sourcerpm: jq-1.6-19.el9.src.rpm
  - url: https://cdn.redhat.com/content/dist/rhel9/9/s390x/baseos/os/Packages/o/oniguruma-6.9.6-1.el9.6.s390x.rpm
    repoid: rhel-9-for-s390x-baseos-rpms
    size: 225688
    checksum: sha256:67630347e4df461ccd7f7d803e46e03d078d3ac1795045f008f3bc89818d4e22
    name: oniguruma
    evr: 6.9.6-1.el9.6
    sourcerpm: oniguruma-6.9.6-1.el9.6.src.rpm
  source: []
  module_metadata:
  - url: https://cdn.redhat.com/content/dist/rhel9/9/s390x/appstream/os/repodata/3d00d7a66230c203a69dddede19f7d1e4edd28e87819dc81f9417fa6f4d11f49-modules.yaml.gz
    repoid: rhel-9-for-s390x-appstream-rpms
    size: 37977
    checksum: sha256:3d00d7a66230c203a69dddede19f7d1e4edd28e87819dc81f9417fa6f4d11f49
- arch: x86_64
  packages:
  - url: https://cdn.redhat.com/content/dist/rhel9/9/x86_64/appstream/os/Packages/p/postgresql-15.14-1.module+el9.6.0+23419+7863ab62.x86_64.rpm
    repoid: rhel-9-for-x86_64-appstream-rpms
    size: 1819593
    checksum: sha256:e7cefc0e614eb8ec523c68ffb47f6e6f66020e6cfe30d98eba5bdaae53e20125
    name: postgresql
    evr: 15.14-1.module+el9.6.0+23419+7863ab62
    sourcerpm: postgresql-15.14-1.module+el9.6.0+23419+7863ab62.src.rpm
  - url: https://cdn.redhat.com/content/dist/rhel9/9/x86_64/appstream/os/Packages/p/postgresql-private-libs-15.14-1.module+el9.6.0+23419+7863ab62.x86_64.rpm
    repoid: rhel-9-for-x86_64-appstream-rpms
    size: 146920
    checksum: sha256:e3120c31b423450404fe6316eae8b014d1c808549afbb0b497fc202c95797066
    name: postgresql-private-libs
    evr: 15.14-1.module+el9.6.0+23419+7863ab62
    sourcerpm: postgresql-15.14-1.module+el9.6.0+23419+7863ab62.src.rpm
  - url: https://cdn.redhat.com/content/dist/rhel9/9/x86_64/baseos/os/Packages/f/findutils-4.8.0-7.el9.x86_64.rpm
    repoid: rhel-9-for-x86_64-baseos-rpms
    size: 563531
    checksum: sha256:a6328afea0a11647b7fb5c48436f0af6c795407bac0650676d3196dd47070de6
    name: findutils
    evr: 1:4.8.0-7.el9
    sourcerpm: findutils-4.8.0-7.el9.src.rpm
  - url: https://cdn.redhat.com/content/dist/rhel9/9/x86_64/baseos/os/Packages/j/jq-1.6-19.el9.x86_64.rpm
    repoid: rhel-9-for-x86_64-baseos-rpms
    size: 191662
    checksum: sha256:6b4d82714813d7b4a3200bf2856a3c1493d186e9caa916d7a700ec25e4996462
    name: jq
    evr: 1.6-19.el9
    sourcerpm: jq-1.6-19.el9.src.rpm
  - url: https://cdn.redhat.com/content/dist/rhel9/9/x86_64/baseos/os/Packages/o/oniguruma-6.9.6-1.el9.6.x86_64.rpm
    repoid: rhel-9-for-x86_64-baseos-rpms
    size: 226451
    checksum: sha256:a532fc644b41ead28ac07fb4217e2ceb9cdd5fdaadc13e9a02b7be3ee703bf85
    name: oniguruma
    evr: 6.9.6-1.el9.6
    sourcerpm: oniguruma-6.9.6-1.el9.6.src.rpm
  source: []
  module_metadata:
  - url: https://cdn.redhat.com/content/dist/rhel9/9/x86_64/appstream/os/repodata/6589cabace4a80bd98bc9af50af92a68441787f4789f1a4da4155f8fbce45191-modules.yaml.gz
    repoid: rhel-9-for-x86_64-appstream-rpms
    size: 40050
    checksum: sha256:6589cabace4a80bd98bc9af50af92a68441787f4789f1a4da4155f8fbce45191
